
Microsoft Visual Studio Solution File, Format Version 12.00
# Visual Studio Version 17
VisualStudioVersion = 17.5.33424.131
MinimumVisualStudioVersion = 10.0.40219.1
Project("{FAE04EC0-301F-11D3-BF4B-00C04F79EFBC}") = "Punicher.Blog.Services.Api", "Punicher.Blog.Services.Api\Punicher.Blog.Services.Api.csproj", "{35D9725A-0714-450A-9718-4FBCEB5A54F1}"
EndProject
Project("{FAE04EC0-301F-11D3-BF4B-00C04F79EFBC}") = "Punicher.Blog.Domain.Entity", "Punicher.Blog.Domain.Entity\Punicher.Blog.Domain.Entity.csproj", "{87C763DD-FE8A-4D81-AB4C-715B67E104AF}"
EndProject
Global
	GlobalSection(SolutionConfigurationPlatforms) = preSolution
		Debug|Any CPU = Debug|Any CPU
		Release|Any CPU = Release|Any CPU
	EndGlobalSection
	GlobalSection(ProjectConfigurationPlatforms) = postSolution
		{35D9725A-0714-450A-9718-4FBCEB5A54F1}.Debug|Any CPU.ActiveCfg = Debug|Any CPU
		{35D9725A-0714-450A-9718-4FBCEB5A54F1}.Debug|Any CPU.Build.0 = Debug|Any CPU
		{35D9725A-0714-450A-9718-4FBCEB5A54F1}.Release|Any CPU.ActiveCfg = Release|Any CPU
		{35D9725A-0714-450A-9718-4FBCEB5A54F1}.Release|Any CPU.Build.0 = Release|Any CPU
		{87C763DD-FE8A-4D81-AB4C-715B67E104AF}.Debug|Any CPU.ActiveCfg = Debug|Any CPU
		{87C763DD-FE8A-4D81-AB4C-715B67E104AF}.Debug|Any CPU.Build.0 = Debug|Any CPU
		{87C763DD-FE8A-4D81-AB4C-715B67E104AF}.Release|Any CPU.ActiveCfg = Release|Any CPU
		{87C763DD-FE8A-4D81-AB4C-715B67E104AF}.Release|Any CPU.Build.0 = Release|Any CPU
	EndGlobalSection
	GlobalSection(SolutionProperties) = preSolution
		HideSolutionNode = FALSE
	EndGlobalSection
	GlobalSection(ExtensibilityGlobals) = postSolution
		SolutionGuid = {9A8BFAEE-6B60-4B6B-8DEE-1E8C881827E9}
	EndGlobalSection
EndGlobal
